PODS:
  - Alamofire (4.7.3)
  - BTNavigationDropdownMenu (0.5)
  - YandexMapKit (3.1.2):
    - YandexRuntime (~> 3.1)
  - YandexMapKitDirections (3.1.2):
    - YandexMapKit (~> 3.1)
    - YandexRuntime (~> 3.1)
  - YandexMapKitPlaces (3.1.2):
    - YandexMapKit (~> 3.1)
    - YandexRuntime (~> 3.1)
  - YandexRuntime (3.1.2)

DEPENDENCIES:
  - Alamofire (~> 4.7)
  - BTNavigationDropdownMenu
  - YandexMapKit (~> 3.1)
  - YandexMapKitDirections (~> 3.1)
  - YandexMapKitPlaces (~> 3.1)

SPEC REPOS:
  https://github.com/cocoapods/specs.git:
    - Alamofire
    - BTNavigationDropdownMenu
    - YandexMapKit
    - YandexMapKitDirections
    - YandexMapKitPlaces
    - YandexRuntime

SPEC CHECKSUMS:
  Alamofire: c7287b6e5d7da964a70935e5db17046b7fde6568
  BTNavigationDropdownMenu: ba3a26fdb6a56c4721c31df8a0875106c259663a
  YandexMapKit: 1684642ba0e6431f358fa4299357a43450197542
  YandexMapKitDirections: ee6433fb1957e7938eccbbf5796c694616c85e7a
  YandexMapKitPlaces: 1b85a1f5a3d7554c76089ffe10af6a530cb9c301
  YandexRuntime: b49b1cea8438130323ebe13c52e4eab96325c4c8

PODFILE CHECKSUM: 734d18b7b2d4f900f6bf66a53f5931d09aea9c5a

COCOAPODS: 1.5.3
